{
  "lockfile_version": "1",
  "packages": {
    "github:NixOS/nixpkgs/nixpkgs-unstable": {
      "last_modified": "2025-08-24T11:35:28Z",
      "resolved": "github:NixOS/nixpkgs/6b0b1559e918d4f7d1df398ee1d33aeac586d4d6?lastModified=1756035328&narHash=sha256-vC7SslUBCtdT3T37ZH3PLIWYmTkSeppL5BJJByUjYCM%3D"
    },
    "tailwindcss_4@4.1.11": {
      "last_modified": "2025-07-28T17:09:23Z",
      "resolved": "github:NixOS/nixpkgs/648f70160c03151bc2121d179291337ad6bc564b#tailwindcss_4",
      "source": "devbox-search",
      "version": "4.1.11",
      "systems": {
        "aarch64-darwin": {
          "outputs": [
            {
              "name": "out",
              "path": "/nix/store/qb3khy1j1pp858h6jb5a892wjrcc76kr-tailwindcss_4-4.1.11",
              "default": true
            }
          ],
          "store_path": "/nix/store/qb3khy1j1pp858h6jb5a892wjrcc76kr-tailwindcss_4-4.1.11"
        },
        "aarch64-linux": {
          "outputs": [
            {
              "name": "out",
              "path": "/nix/store/8ad308ifss30lgbg2xxr6pciw6b5wymi-tailwindcss_4-4.1.11",
              "default": true
            }
          ],
          "store_path": "/nix/store/8ad308ifss30lgbg2xxr6pciw6b5wymi-tailwindcss_4-4.1.11"
        },
        "x86_64-darwin": {
          "outputs": [
            {
              "name": "out",
              "path": "/nix/store/a7pc4ng64n6fz8r4w336g6q3rhvvcp15-tailwindcss_4-4.1.11",
              "default": true
            }
          ],
          "store_path": "/nix/store/a7pc4ng64n6fz8r4w336g6q3rhvvcp15-tailwindcss_4-4.1.11"
        },
        "x86_64-linux": {
          "outputs": [
            {
              "name": "out",
              "path": "/nix/store/0bh0hzvccbygjzzhqk5nrww8ryvvqs23-tailwindcss_4-4.1.11",
              "default": true
            }
          ],
          "store_path": "/nix/store/0bh0hzvccbygjzzhqk5nrww8ryvvqs23-tailwindcss_4-4.1.11"
        }
      }
    }
  }
}
